
Microsoft Visual Studio Solution File, Format Version 12.00
# Visual Studio Version 17
VisualStudioVersion = 17.5.33627.172
MinimumVisualStudioVersion = 10.0.40219.1
Project("{FAE04EC0-301F-11D3-BF4B-00C04F79EFBC}") = "APICatalogo", "APICatalogo.csproj", "{EF64E910-7474-4C8B-8CF9-4228AAF96B68}"
EndProject
Global
	GlobalSection(SolutionConfigurationPlatforms) = preSolution
		Debug|Any CPU = Debug|Any CPU
		Release|Any CPU = Release|Any CPU
	EndGlobalSection
	GlobalSection(ProjectConfigurationPlatforms) = postSolution
		{EF64E910-7474-4C8B-8CF9-4228AAF96B68}.Debug|Any CPU.ActiveCfg = Debug|Any CPU
		{EF64E910-7474-4C8B-8CF9-4228AAF96B68}.Debug|Any CPU.Build.0 = Debug|Any CPU
		{EF64E910-7474-4C8B-8CF9-4228AAF96B68}.Release|Any CPU.ActiveCfg = Release|Any CPU
		{EF64E910-7474-4C8B-8CF9-4228AAF96B68}.Release|Any CPU.Build.0 = Release|Any CPU
	EndGlobalSection
	GlobalSection(SolutionProperties) = preSolution
		HideSolutionNode = FALSE
	EndGlobalSection
	GlobalSection(ExtensibilityGlobals) = postSolution
		SolutionGuid = {56C2784F-44B3-460D-BECE-656B261116AF}
	EndGlobalSection
EndGlobal
